// !$*UTF8*$!
{
	archiveVersion = 1;
	classes = {
	};
	objectVersion = 50;
	objects = {

/* Begin PBXBuildFile section */
		48C5FFC02110BF5F005285C4 /* AppDelegate.swift in Sources */ = {isa = PBXBuildFile; fileRef = 48C5FFBF2110BF5F005285C4 /* AppDelegate.swift */; };
		48C5FFC22110BF5F005285C4 /* art.scnassets in Resources */ = {isa = PBXBuildFile; fileRef = 48C5FFC12110BF5F005285C4 /* art.scnassets */; };
		48C5FFC42110BF5F005285C4 /* ViewController.swift in Sources */ = {isa = PBXBuildFile; fileRef = 48C5FFC32110BF5F005285C4 /* ViewController.swift */; };
		48C5FFC72110BF5F005285C4 /* Main.storyboard in Resources */ = {isa = PBXBuildFile; fileRef = 48C5FFC52110BF5F005285C4 /* Main.storyboard */; };
		48C5FFC92110BF60005285C4 /* Assets.xcassets in Resources */ = {isa = PBXBuildFile; fileRef = 48C5FFC82110BF60005285C4 /* Assets.xcassets */; };
		48C5FFCC2110BF60005285C4 /* LaunchScreen.storyboard in Resources */ = {isa = PBXBuildFile; fileRef = 48C5FFCA2110BF60005285C4 /* LaunchScreen.storyboard */; };
		48C5FFD72110BF60005285C4 /* MagicHatTests.swift in Sources */ = {isa = PBXBuildFile; fileRef = 48C5FFD62110BF60005285C4 /* MagicHatTests.swift */; };
		48C5FFE22110BF60005285C4 /* MagicHatUITests.swift in Sources */ = {isa = PBXBuildFile; fileRef = 48C5FFE12110BF60005285C4 /* MagicHatUITests.swift */; };
/* End PBXBuildFile section */

/* Begin PBXContainerItemProxy section */
		48C5FFD32110BF60005285C4 /* PBXContainerItemProxy */ = {
			isa = PBXContainerItemProxy;
			containerPortal = 48C5FFB42110BF5F005285C4 /* Project object */;
			proxyType = 1;
			remoteGlobalIDString = 48C5FFBB2110BF5F005285C4;
			remoteInfo = MagicHat;
		};
		48C5FFDE2110BF60005285C4 /* PBXContainerItemProxy */ = {
			isa = PBXContainerItemProxy;
			containerPortal = 48C5FFB42110BF5F005285C4 /* Project object */;
			proxyType = 1;
			remoteGlobalIDString = 48C5FFBB2110BF5F005285C4;
			remoteInfo = MagicHat;
		};
/* End PBXContainerItemProxy section */

/* Begin PBXFileReference section */
		48C5FFBC2110BF5F005285C4 /* MagicHat.app */ = {isa = PBXFileReference; explicitFileType = wrapper.application; includeInIndex = 0; path = MagicHat.app; sourceTree = BUILT_PRODUCTS_DIR; };
		48C5FFBF2110BF5F005285C4 /* AppDelegate.swift */ = {isa = PBXFileReference; lastKnownFileType = sourcecode.swift; path = AppDelegate.swift; sourceTree = "<group>"; };
		48C5FFC12110BF5F005285C4 /* art.scnassets */ = {isa = PBXFileReference; lastKnownFileType = wrapper.scnassets; path = art.scnassets; sourceTree = "<group>"; };
		48C5FFC32110BF5F005285C4 /* ViewController.swift */ = {isa = PBXFileReference; lastKnownFileType = sourcecode.swift; path = ViewController.swift; sourceTree = "<group>"; };
		48C5FFC62110BF5F005285C4 /* Base */ = {isa = PBXFileReference; lastKnownFileType = file.storyboard; name = Base; path = Base.lproj/Main.storyboard; sourceTree = "<group>"; };
		48C5FFC82110BF60005285C4 /* Assets.xcassets */ = {isa = PBXFileReference; lastKnownFileType = folder.assetcatalog; path = Assets.xcassets; sourceTree = "<group>"; };
		48C5FFCB2110BF60005285C4 /* Base */ = {isa = PBXFileReference; lastKnownFileType = file.storyboard; name = Base; path = Base.lproj/LaunchScreen.storyboard; sourceTree = "<group>"; };
		48C5FFCD2110BF60005285C4 /* Info.plist */ = {isa = PBXFileReference; lastKnownFileType = text.plist.xml; path = Info.plist; sourceTree = "<group>"; };
		48C5FFD22110BF60005285C4 /* MagicHatTests.xctest */ = {isa = PBXFileReference; explicitFileType = wrapper.cfbundle; includeInIndex = 0; path = MagicHatTests.xctest; sourceTree = BUILT_PRODUCTS_DIR; };
		48C5FFD62110BF60005285C4 /* MagicHatTests.swift */ = {isa = PBXFileReference; lastKnownFileType = sourcecode.swift; path = MagicHatTests.swift; sourceTree = "<group>"; };
		48C5FFD82110BF60005285C4 /* Info.plist */ = {isa = PBXFileReference; lastKnownFileType = text.plist.xml; path = Info.plist; sourceTree = "<group>"; };
		48C5FFDD2110BF60005285C4 /* MagicHatUITests.xctest */ = {isa = PBXFileReference; explicitFileType = wrapper.cfbundle; includeInIndex = 0; path = MagicHatUITests.xctest; sourceTree = BUILT_PRODUCTS_DIR; };
		48C5FFE12110BF60005285C4 /* MagicHatUITests.swift */ = {isa = PBXFileReference; lastKnownFileType = sourcecode.swift; path = MagicHatUITests.swift; sourceTree = "<group>"; };
		48C5FFE32110BF60005285C4 /* Info.plist */ = {isa = PBXFileReference; lastKnownFileType = text.plist.xml; path = Info.plist; sourceTree = "<group>"; };
/* End PBXFileReference section */

/* Begin PBXFrameworksBuildPhase section */
		48C5FFB92110BF5F005285C4 /* Frameworks */ = {
			isa = PBXFrameworksBuildPhase;
			buildActionMask = 2147483647;
			files = (
			);
			runOnlyForDeploymentPostprocessing = 0;
		};
		48C5FFCF2110BF60005285C4 /* Frameworks */ = {
			isa = PBXFrameworksBuildPhase;
			buildActionMask = 2147483647;
			files = (
			);
			runOnlyForDeploymentPostprocessing = 0;
		};
		48C5FFDA2110BF60005285C4 /* Frameworks */ = {
			isa = PBXFrameworksBuildPhase;
			buildActionMask = 2147483647;
			files = (
			);
			runOnlyForDeploymentPostprocessing = 0;
		};
/* End PBXFrameworksBuildPhase section */

/* Begin PBXGroup section */
		48C5FFB32110BF5F005285C4 = {
			isa = PBXGroup;
			children = (
				48C5FFBE2110BF5F005285C4 /* MagicHat */,
				48C5FFD52110BF60005285C4 /* MagicHatTests */,
				48C5FFE02110BF60005285C4 /* MagicHatUITests */,
				48C5FFBD2110BF5F005285C4 /* Products */,
			);
			sourceTree = "<group>";
		};
		48C5FFBD2110BF5F005285C4 /* Products */ = {
			isa = PBXGroup;
			children = (
				48C5FFBC2110BF5F005285C4 /* MagicHat.app */,
				48C5FFD22110BF60005285C4 /* MagicHatTests.xctest */,
				48C5FFDD2110BF60005285C4 /* MagicHatUITests.xctest */,
			);
			name = Products;
			sourceTree = "<group>";
		};
		48C5FFBE2110BF5F005285C4 /* MagicHat */ = {
			isa = PBXGroup;
			children = (
				48C5FFBF2110BF5F005285C4 /* AppDelegate.swift */,
				48C5FFC12110BF5F005285C4 /* art.scnassets */,
				48C5FFC32110BF5F005285C4 /* ViewController.swift */,
				48C5FFC52110BF5F005285C4 /* Main.storyboard */,
				48C5FFC82110BF60005285C4 /* Assets.xcassets */,
				48C5FFCA2110BF60005285C4 /* LaunchScreen.storyboard */,
				48C5FFCD2110BF60005285C4 /* Info.plist */,
			);
			path = MagicHat;
			sourceTree = "<group>";
		};
		48C5FFD52110BF60005285C4 /* MagicHatTests */ = {
			isa = PBXGroup;
			children = (
				48C5FFD62110BF60005285C4 /* MagicHatTests.swift */,
				48C5FFD82110BF60005285C4 /* Info.plist */,
			);
			path = MagicHatTests;
			sourceTree = "<group>";
		};
		48C5FFE02110BF60005285C4 /* MagicHatUITests */ = {
			isa = PBXGroup;
			children = (
				48C5FFE12110BF60005285C4 /* MagicHatUITests.swift */,
				48C5FFE32110BF60005285C4 /* Info.plist */,
			);
			path = MagicHatUITests;
			sourceTree = "<group>";
		};
/* End PBXGroup section */

/* Begin PBXNativeTarget section */
		48C5FFBB2110BF5F005285C4 /* MagicHat */ = {
			isa = PBXNativeTarget;
			buildConfigurationList = 48C5FFE62110BF60005285C4 /* Build configuration list for PBXNativeTarget "MagicHat" */;
			buildPhases = (
				48C5FFB82110BF5F005285C4 /* Sources */,
				48C5FFB92110BF5F005285C4 /* Frameworks */,
				48C5FFBA2110BF5F005285C4 /* Resources */,
			);
			buildRules = (
			);
			dependencies = (
			);
			name = MagicHat;
			productName = MagicHat;
			productReference = 48C5FFBC2110BF5F005285C4 /* MagicHat.app */;
			productType = "com.apple.product-type.application";
		};
		48C5FFD12110BF60005285C4 /* MagicHatTests */ = {
			isa = PBXNativeTarget;
			buildConfigurationList = 48C5FFE92110BF60005285C4 /* Build configuration list for PBXNativeTarget "MagicHatTests" */;
			buildPhases = (
				48C5FFCE2110BF60005285C4 /* Sources */,
				48C5FFCF2110BF60005285C4 /* Frameworks */,
				48C5FFD02110BF60005285C4 /* Resources */,
			);
			buildRules = (
			);
			dependencies = (
				48C5FFD42110BF60005285C4 /* PBXTargetDependency */,
			);
			name = MagicHatTests;
			productName = MagicHatTests;
			productReference = 48C5FFD22110BF60005285C4 /* MagicHatTests.xctest */;
			productType = "com.apple.product-type.bundle.unit-test";
		};
		48C5FFDC2110BF60005285C4 /* MagicHatUITests */ = {
			isa = PBXNativeTarget;
			buildConfigurationList = 48C5FFEC2110BF60005285C4 /* Build configuration list for PBXNativeTarget "MagicHatUITests" */;
			buildPhases = (
				48C5FFD92110BF60005285C4 /* Sources */,
				48C5FFDA2110BF60005285C4 /* Frameworks */,
				48C5FFDB2110BF60005285C4 /* Resources */,
			);
			buildRules = (
			);
			dependencies = (
				48C5FFDF2110BF60005285C4 /* PBXTargetDependency */,
			);
			name = MagicHatUITests;
			productName = MagicHatUITests;
			productReference = 48C5FFDD2110BF60005285C4 /* MagicHatUITests.xctest */;
			productType = "com.apple.product-type.bundle.ui-testing";
		};
/* End PBXNativeTarget section */

/* Begin PBXProject section */
		48C5FFB42110BF5F005285C4 /* Project object */ = {
			isa = PBXProject;
			attributes = {
				LastSwiftUpdateCheck = 0940;
				LastUpgradeCheck = 0940;
				ORGANIZATIONNAME = "Olivia Cane";
				TargetAttributes = {
					48C5FFBB2110BF5F005285C4 = {
						CreatedOnToolsVersion = 9.4.1;
					};
					48C5FFD12110BF60005285C4 = {
						CreatedOnToolsVersion = 9.4.1;
						TestTargetID = 48C5FFBB2110BF5F005285C4;
					};
					48C5FFDC2110BF60005285C4 = {
						CreatedOnToolsVersion = 9.4.1;
						TestTargetID = 48C5FFBB2110BF5F005285C4;
					};
				};
			};
			buildConfigurationList = 48C5FFB72110BF5F005285C4 /* Build configuration list for PBXProject "MagicHat" */;
			compatibilityVersion = "Xcode 9.3";
			developmentRegion = en;
			hasScannedForEncodings = 0;
			knownRegions = (
				en,
				Base,
			);
			mainGroup = 48C5FFB32110BF5F005285C4;
			productRefGroup = 48C5FFBD2110BF5F005285C4 /* Products */;
			projectDirPath = "";
			projectRoot = "";
			targets = (
				48C5FFBB2110BF5F005285C4 /* MagicHat */,
				48C5FFD12110BF60005285C4 /* MagicHatTests */,
				48C5FFDC2110BF60005285C4 /* MagicHatUITests */,
			);
		};
/* End PBXProject section */

/* Begin PBXResourcesBuildPhase section */
		48C5FFBA2110BF5F005285C4 /* Resources */ = {
			isa = PBXResourcesBuildPhase;
			buildActionMask = 2147483647;
			files = (
				48C5FFC22110BF5F005285C4 /* art.scnassets in Resources */,
				48C5FFCC2110BF60005285C4 /* LaunchScreen.storyboard in Resources */,
				48C5FFC92110BF60005285C4 /* Assets.xcassets in Resources */,
				48C5FFC72110BF5F005285C4 /* Main.storyboard in Resources */,
			);
			runOnlyForDeploymentPostprocessing = 0;
		};
		48C5FFD02110BF60005285C4 /* Resources */ = {
			isa = PBXResourcesBuildPhase;
			buildActionMask = 2147483647;
			files = (
			);
			runOnlyForDeploymentPostprocessing = 0;
		};
		48C5FFDB2110BF60005285C4 /* Resources */ = {
			isa = PBXResourcesBuildPhase;
			buildActionMask = 2147483647;
			files = (
			);
			runOnlyForDeploymentPostprocessing = 0;
		};
/* End PBXResourcesBuildPhase section */

/* Begin PBXSourcesBuildPhase section */
		48C5FFB82110BF5F005285C4 /* Sources */ = {
			isa = PBXSourcesBuildPhase;
			buildActionMask = 2147483647;
			files = (
				48C5FFC42110BF5F005285C4 /* ViewController.swift in Sources */,
				48C5FFC02110BF5F005285C4 /* AppDelegate.swift in Sources */,
			);
			runOnlyForDeploymentPostprocessing = 0;
		};
		48C5FFCE2110BF60005285C4 /* Sources */ = {
			isa = PBXSourcesBuildPhase;
			buildActionMask = 2147483647;
			files = (
				48C5FFD72110BF60005285C4 /* MagicHatTests.swift in Sources */,
			);
			runOnlyForDeploymentPostprocessing = 0;
		};
		48C5FFD92110BF60005285C4 /* Sources */ = {
			isa = PBXSourcesBuildPhase;
			buildActionMask = 2147483647;
			files = (
				48C5FFE22110BF60005285C4 /* MagicHatUITests.swift in Sources */,
			);
			runOnlyForDeploymentPostprocessing = 0;
		};
/* End PBXSourcesBuildPhase section */

/* Begin PBXTargetDependency section */
		48C5FFD42110BF60005285C4 /* PBXTargetDependency */ = {
			isa = PBXTargetDependency;
			target = 48C5FFBB2110BF5F005285C4 /* MagicHat */;
			targetProxy = 48C5FFD32110BF60005285C4 /* PBXContainerItemProxy */;
		};
		48C5FFDF2110BF60005285C4 /* PBXTargetDependency */ = {
			isa = PBXTargetDependency;
			target = 48C5FFBB2110BF5F005285C4 /* MagicHat */;
			targetProxy = 48C5FFDE2110BF60005285C4 /* PBXContainerItemProxy */;
		};
/* End PBXTargetDependency section */

/* Begin PBXVariantGroup section */
		48C5FFC52110BF5F005285C4 /* Main.storyboard */ = {
			isa = PBXVariantGroup;
			children = (
				48C5FFC62110BF5F005285C4 /* Base */,
			);
			name = Main.storyboard;
			sourceTree = "<group>";
		};
		48C5FFCA2110BF60005285C4 /* LaunchScreen.storyboard */ = {
			isa = PBXVariantGroup;
			children = (
				48C5FFCB2110BF60005285C4 /* Base */,
			);
			name = LaunchScreen.storyboard;
			sourceTree = "<group>";
		};
/* End PBXVariantGroup section */

/* Begin XCBuildConfiguration section */
		48C5FFE42110BF60005285C4 /* Debug */ = {
			isa = XCBuildConfiguration;
			buildSettings = {
				ALWAYS_SEARCH_USER_PATHS = NO;
				CLANG_ANALYZER_NONNULL = YES;
				CLANG_ANALYZER_NUMBER_OBJECT_CONVERSION = YES_AGGRESSIVE;
				CLANG_CXX_LANGUAGE_STANDARD = "gnu++14";
				CLANG_CXX_LIBRARY = "libc++";
				CLANG_ENABLE_MODULES = YES;
				CLANG_ENABLE_OBJC_ARC = YES;
				CLANG_ENABLE_OBJC_WEAK = YES;
				CLANG_WARN_BLOCK_CAPTURE_AUTORELEASING = YES;
				CLANG_WARN_BOOL_CONVERSION = YES;
				CLANG_WARN_COMMA = YES;
				CLANG_WARN_CONSTANT_CONVERSION = YES;
				CLANG_WARN_DEPRECATED_OBJC_IMPLEMENTATIONS = YES;
				CLANG_WARN_DIRECT_OBJC_ISA_USAGE = YES_ERROR;
				CLANG_WARN_DOCUMENTATION_COMMENTS = YES;
				CLANG_WARN_EMPTY_BODY = YES;
				CLANG_WARN_ENUM_CONVERSION = YES;
				CLANG_WARN_INFINITE_RECURSION = YES;
				CLANG_WARN_INT_CONVERSION = YES;
				CLANG_WARN_NON_LITERAL_NULL_CONVERSION = YES;
				CLANG_WARN_OBJC_IMPLICIT_RETAIN_SELF = YES;
				CLANG_WARN_OBJC_LITERAL_CONVERSION = YES;
				CLANG_WARN_OBJC_ROOT_CLASS = YES_ERROR;
				CLANG_WARN_RANGE_LOOP_ANALYSIS = YES;
				CLANG_WARN_STRICT_PROTOTYPES = YES;
				CLANG_WARN_SUSPICIOUS_MOVE = YES;
				CLANG_WARN_UNGUARDED_AVAILABILITY = YES_AGGRESSIVE;
				CLANG_WARN_UNREACHABLE_CODE = YES;
				CLANG_WARN__DUPLICATE_METHOD_MATCH = YES;
				CODE_SIGN_IDENTITY = "iPhone Developer";
				COPY_PHASE_STRIP = NO;
				DEBUG_INFORMATION_FORMAT = dwarf;
				ENABLE_STRICT_OBJC_MSGSEND = YES;
				ENABLE_TESTABILITY = YES;
				GCC_C_LANGUAGE_STANDARD = gnu11;
				GCC_DYNAMIC_NO_PIC = NO;
				GCC_NO_COMMON_BLOCKS = YES;
				GCC_OPTIMIZATION_LEVEL = 0;
				GCC_PREPROCESSOR_DEFINITIONS = (
					"DEBUG=1",
					"$(inherited)",
				);
				GCC_WARN_64_TO_32_BIT_CONVERSION = YES;
				GCC_WARN_ABOUT_RETURN_TYPE = YES_ERROR;
				GCC_WARN_UNDECLARED_SELECTOR = YES;
				GCC_WARN_UNINITIALIZED_AUTOS = YES_AGGRESSIVE;
				GCC_WARN_UNUSED_FUNCTION = YES;
				GCC_WARN_UNUSED_VARIABLE = YES;
				IPHONEOS_DEPLOYMENT_TARGET = 11.4;
				MTL_ENABLE_DEBUG_INFO = YES;
				ONLY_ACTIVE_ARCH = YES;
				SDKROOT = iphoneos;
				SWIFT_ACTIVE_COMPILATION_CONDITIONS = DEBUG;
				SWIFT_OPTIMIZATION_LEVEL = "-Onone";
			};
			name = Debug;
		};
		48C5FFE52110BF60005285C4 /* Release */ = {
			isa = XCBuildConfiguration;
			buildSettings = {
				ALWAYS_SEARCH_USER_PATHS = NO;
				CLANG_ANALYZER_NONNULL = YES;
				CLANG_ANALYZER_NUMBER_OBJECT_CONVERSION = YES_AGGRESSIVE;
				CLANG_CXX_LANGUAGE_STANDARD = "gnu++14";
				CLANG_CXX_LIBRARY = "libc++";
				CLANG_ENABLE_MODULES = YES;
				CLANG_ENABLE_OBJC_ARC = YES;
				CLANG_ENABLE_OBJC_WEAK = YES;
				CLANG_WARN_BLOCK_CAPTURE_AUTORELEASING = YES;
				CLANG_WARN_BOOL_CONVERSION = YES;
				CLANG_WARN_COMMA = YES;
				CLANG_WARN_CONSTANT_CONVERSION = YES;
				CLANG_WARN_DEPRECATED_OBJC_IMPLEMENTATIONS = YES;
				CLANG_WARN_DIRECT_OBJC_ISA_USAGE = YES_ERROR;
				CLANG_WARN_DOCUMENTATION_COMMENTS = YES;
				CLANG_WARN_EMPTY_BODY = YES;
				CLANG_WARN_ENUM_CONVERSION = YES;
				CLANG_WARN_INFINITE_RECURSION = YES;
				CLANG_WARN_INT_CONVERSION = YES;
				CLANG_WARN_NON_LITERAL_NULL_CONVERSION = YES;
				CLANG_WARN_OBJC_IMPLICIT_RETAIN_SELF = YES;
				CLANG_WARN_OBJC_LITERAL_CONVERSION = YES;
				CLANG_WARN_OBJC_ROOT_CLASS = YES_ERROR;
				CLANG_WARN_RANGE_LOOP_ANALYSIS = YES;
				CLANG_WARN_STRICT_PROTOTYPES = YES;
				CLANG_WARN_SUSPICIOUS_MOVE = YES;
				CLANG_WARN_UNGUARDED_AVAILABILITY = YES_AGGRESSIVE;
				CLANG_WARN_UNREACHABLE_CODE = YES;
				CLANG_WARN__DUPLICATE_METHOD_MATCH = YES;
				CODE_SIGN_IDENTITY = "iPhone Developer";
				COPY_PHASE_STRIP = NO;
				DEBUG_INFORMATION_FORMAT = "dwarf-with-dsym";
				ENABLE_NS_ASSERTIONS = NO;
				ENABLE_STRICT_OBJC_MSGSEND = YES;
				GCC_C_LANGUAGE_STANDARD = gnu11;
				GCC_NO_COMMON_BLOCKS = YES;
				GCC_WARN_64_TO_32_BIT_CONVERSION = YES;
				GCC_WARN_ABOUT_RETURN_TYPE = YES_ERROR;
				GCC_WARN_UNDECLARED_SELECTOR = YES;
				GCC_WARN_UNINITIALIZED_AUTOS = YES_AGGRESSIVE;
				GCC_WARN_UNUSED_FUNCTION = YES;
				GCC_WARN_UNUSED_VARIABLE = YES;
				IPHONEOS_DEPLOYMENT_TARGET = 11.4;
				MTL_ENABLE_DEBUG_INFO = NO;
				SDKROOT = iphoneos;
				SWIFT_COMPILATION_MODE = wholemodule;
				SWIFT_OPTIMIZATION_LEVEL = "-O";
				VALIDATE_PRODUCT = YES;
			};
			name = Release;
		};
		48C5FFE72110BF60005285C4 /* Debug */ = {
			isa = XCBuildConfiguration;
			buildSettings = {
				ASSETCATALOG_COMPILER_APPICON_NAME = AppIcon;
				CODE_SIGN_STYLE = Automatic;
				DEVELOPMENT_TEAM = 888JJ4D35A;
				INFOPLIST_FILE = MagicHat/Info.plist;
				LD_RUNPATH_SEARCH_PATHS = (
					"$(inherited)",
					"@executable_path/Frameworks",
				);
				PRODUCT_BUNDLE_IDENTIFIER = Olivia.MagicHat;
				PRODUCT_NAME = "$(TARGET_NAME)";
				SWIFT_VERSION = 4.0;
				TARGETED_DEVICE_FAMILY = "1,2";
			};
			name = Debug;
		};
		48C5FFE82110BF60005285C4 /* Release */ = {
			isa = XCBuildConfiguration;
			buildSettings = {
				ASSETCATALOG_COMPILER_APPICON_NAME = AppIcon;
				CODE_SIGN_STYLE = Automatic;
				DEVELOPMENT_TEAM = 888JJ4D35A;
				INFOPLIST_FILE = MagicHat/Info.plist;
				LD_RUNPATH_SEARCH_PATHS = (
					"$(inherited)",
					"@executable_path/Frameworks",
				);
				PRODUCT_BUNDLE_IDENTIFIER = Olivia.MagicHat;
				PRODUCT_NAME = "$(TARGET_NAME)";
				SWIFT_VERSION = 4.0;
				TARGETED_DEVICE_FAMILY = "1,2";
			};
			name = Release;
		};
		48C5FFEA2110BF60005285C4 /* Debug */ = {
			isa = XCBuildConfiguration;
			buildSettings = {
				ALWAYS_EMBED_SWIFT_STANDARD_LIBRARIES = YES;
				BUNDLE_LOADER = "$(TEST_HOST)";
				CODE_SIGN_STYLE = Automatic;
				INFOPLIST_FILE = MagicHatTests/Info.plist;
				LD_RUNPATH_SEARCH_PATHS = (
					"$(inherited)",
					"@executable_path/Frameworks",
					"@loader_path/Frameworks",
				);
				PRODUCT_BUNDLE_IDENTIFIER = Olivia.MagicHatTests;
				PRODUCT_NAME = "$(TARGET_NAME)";
				SWIFT_VERSION = 4.0;
				TARGETED_DEVICE_FAMILY = "1,2";
				TEST_HOST = "$(BUILT_PRODUCTS_DIR)/MagicHat.app/MagicHat";
			};
			name = Debug;
		};
		48C5FFEB2110BF60005285C4 /* Release */ = {
			isa = XCBuildConfiguration;
			buildSettings = {
				ALWAYS_EMBED_SWIFT_STANDARD_LIBRARIES = YES;
				BUNDLE_LOADER = "$(TEST_HOST)";
				CODE_SIGN_STYLE = Automatic;
				INFOPLIST_FILE = MagicHatTests/Info.plist;
				LD_RUNPATH_SEARCH_PATHS = (
					"$(inherited)",
					"@executable_path/Frameworks",
					"@loader_path/Frameworks",
				);
				PRODUCT_BUNDLE_IDENTIFIER = Olivia.MagicHatTests;
				PRODUCT_NAME = "$(TARGET_NAME)";
				SWIFT_VERSION = 4.0;
				TARGETED_DEVICE_FAMILY = "1,2";
				TEST_HOST = "$(BUILT_PRODUCTS_DIR)/MagicHat.app/MagicHat";
			};
			name = Release;
		};
		48C5FFED2110BF60005285C4 /* Debug */ = {
			isa = XCBuildConfiguration;
			buildSettings = {
				ALWAYS_EMBED_SWIFT_STANDARD_LIBRARIES = YES;
				CODE_SIGN_STYLE = Automatic;
				INFOPLIST_FILE = MagicHatUITests/Info.plist;
				LD_RUNPATH_SEARCH_PATHS = (
					"$(inherited)",
					"@executable_path/Frameworks",
					"@loader_path/Frameworks",
				);
				PRODUCT_BUNDLE_IDENTIFIER = Olivia.MagicHatUITests;
				PRODUCT_NAME = "$(TARGET_NAME)";
				SWIFT_VERSION = 4.0;
				TARGETED_DEVICE_FAMILY = "1,2";
				TEST_TARGET_NAME = MagicHat;
			};
			name = Debug;
		};
		48C5FFEE2110BF60005285C4 /* Release */ = {
			isa = XCBuildConfiguration;
			buildSettings = {
				ALWAYS_EMBED_SWIFT_STANDARD_LIBRARIES = YES;
				CODE_SIGN_STYLE = Automatic;
				INFOPLIST_FILE = MagicHatUITests/Info.plist;
				LD_RUNPATH_SEARCH_PATHS = (
					"$(inherited)",
					"@executable_path/Frameworks",
					"@loader_path/Frameworks",
				);
				PRODUCT_BUNDLE_IDENTIFIER = Olivia.MagicHatUITests;
				PRODUCT_NAME = "$(TARGET_NAME)";
				SWIFT_VERSION = 4.0;
				TARGETED_DEVICE_FAMILY = "1,2";
				TEST_TARGET_NAME = MagicHat;
			};
			name = Release;
		};
/* End XCBuildConfiguration section */

/* Begin XCConfigurationList section */
		48C5FFB72110BF5F005285C4 /* Build configuration list for PBXProject "MagicHat" */ = {
			isa = XCConfigurationList;
			buildConfigurations = (
				48C5FFE42110BF60005285C4 /* Debug */,
				48C5FFE52110BF60005285C4 /* Release */,
			);
			defaultConfigurationIsVisible = 0;
			defaultConfigurationName = Release;
		};
		48C5FFE62110BF60005285C4 /* Build configuration list for PBXNativeTarget "MagicHat" */ = {
			isa = XCConfigurationList;
			buildConfigurations = (
				48C5FFE72110BF60005285C4 /* Debug */,
				48C5FFE82110BF60005285C4 /* Release */,
			);
			defaultConfigurationIsVisible = 0;
			defaultConfigurationName = Release;
		};
		48C5FFE92110BF60005285C4 /* Build configuration list for PBXNativeTarget "MagicHatTests" */ = {
			isa = XCConfigurationList;
			buildConfigurations = (
				48C5FFEA2110BF60005285C4 /* Debug */,
				48C5FFEB2110BF60005285C4 /* Release */,
			);
			defaultConfigurationIsVisible = 0;
			defaultConfigurationName = Release;
		};
		48C5FFEC2110BF60005285C4 /* Build configuration list for PBXNativeTarget "MagicHatUITests" */ = {
			isa = XCConfigurationList;
			buildConfigurations = (
				48C5FFED2110BF60005285C4 /* Debug */,
				48C5FFEE2110BF60005285C4 /* Release */,
			);
			defaultConfigurationIsVisible = 0;
			defaultConfigurationName = Release;
		};
/* End XCConfigurationList section */
	};
	rootObject = 48C5FFB42110BF5F005285C4 /* Project object */;
}
